
Microsoft Visual Studio Solution File, Format Version 12.00
# Visual Studio Version 17
VisualStudioVersion = 17.7.34031.279
MinimumVisualStudioVersion = 10.0.40219.1
Project("{FAE04EC0-301F-11D3-BF4B-00C04F79EFBC}") = "UsersApp", "UsersApp\UsersApp.csproj", "{9D4246D9-4C99-4F82-8620-B220A0F5942E}"
EndProject
Global
	GlobalSection(SolutionConfigurationPlatforms) = preSolution
		Debug|Any CPU = Debug|Any CPU
		Release|Any CPU = Release|Any CPU
	EndGlobalSection
	GlobalSection(ProjectConfigurationPlatforms) = postSolution
		{9D4246D9-4C99-4F82-8620-B220A0F5942E}.Debug|Any CPU.ActiveCfg = Debug|Any CPU
		{9D4246D9-4C99-4F82-8620-B220A0F5942E}.Debug|Any CPU.Build.0 = Debug|Any CPU
		{9D4246D9-4C99-4F82-8620-B220A0F5942E}.Release|Any CPU.ActiveCfg = Release|Any CPU
		{9D4246D9-4C99-4F82-8620-B220A0F5942E}.Release|Any CPU.Build.0 = Release|Any CPU
	EndGlobalSection
	GlobalSection(SolutionProperties) = preSolution
		HideSolutionNode = FALSE
	EndGlobalSection
	GlobalSection(ExtensibilityGlobals) = postSolution
		SolutionGuid = {271E05DA-19C5-451A-85A5-8549953B5F10}
	EndGlobalSection
EndGlobal
